
Microsoft Visual Studio Solution File, Format Version 12.00
# Visual Studio Version 16
VisualStudioVersion = 16.0.29806.167
MinimumVisualStudioVersion = 10.0.40219.1
Project("{9A19103F-16F7-4668-BE54-9A1E7A4F7556}") = "dotNetCore31.WebApi", "dotNetCore31.WebApi\dotNetCore31.WebApi.csproj", "{3DCBDBDF-01C1-4560-BC1A-250961F5FB97}"
EndProject
Project("{2150E333-8FDC-42A3-9474-1A3956D46DE8}") = "1.WebApplication", "1.WebApplication", "{F39C6887-4105-4604-80EF-C2211E157DA4}"
EndProject
Global
	GlobalSection(SolutionConfigurationPlatforms) = preSolution
		Debug|Any CPU = Debug|Any CPU
		Release|Any CPU = Release|Any CPU
	EndGlobalSection
	GlobalSection(ProjectConfigurationPlatforms) = postSolution
		{3DCBDBDF-01C1-4560-BC1A-250961F5FB97}.Debug|Any CPU.ActiveCfg = Debug|Any CPU
		{3DCBDBDF-01C1-4560-BC1A-250961F5FB97}.Debug|Any CPU.Build.0 = Debug|Any CPU
		{3DCBDBDF-01C1-4560-BC1A-250961F5FB97}.Release|Any CPU.ActiveCfg = Release|Any CPU
		{3DCBDBDF-01C1-4560-BC1A-250961F5FB97}.Release|Any CPU.Build.0 = Release|Any CPU
	EndGlobalSection
	GlobalSection(SolutionProperties) = preSolution
		HideSolutionNode = FALSE
	EndGlobalSection
	GlobalSection(NestedProjects) = preSolution
		{3DCBDBDF-01C1-4560-BC1A-250961F5FB97} = {F39C6887-4105-4604-80EF-C2211E157DA4}
	EndGlobalSection
	GlobalSection(ExtensibilityGlobals) = postSolution
		SolutionGuid = {B6EC335F-C442-4652-8073-14C11CD3663F}
	EndGlobalSection
EndGlobal
